
Microsoft Visual Studio Solution File, Format Version 12.00
# Visual Studio Version 16
VisualStudioVersion = 16.0.31205.134
MinimumVisualStudioVersion = 10.0.40219.1
Project("{2150E333-8FDC-42A3-9474-1A3956D46DE8}") = "4.Domain", "4.Domain", "{F3752D6D-F07B-4408-8A14-D3A359D34F1C}"
EndProject
Project("{9A19103F-16F7-4668-BE54-9A1E7A4F7556}") = "ITS.Domain", "ITS.Domain\ITS.Domain.csproj", "{6ED8A075-5333-466F-83BB-62611ACDE69F}"
EndProject
Project("{2150E333-8FDC-42A3-9474-1A3956D46DE8}") = "3.Repository", "3.Repository", "{FA759518-6B5F-4F65-A532-0CDA6236962C}"
EndProject
Project("{9A19103F-16F7-4668-BE54-9A1E7A4F7556}") = "ITS.Repository.Interface", "ITS.Repository.Interface\ITS.Repository.Interface.csproj", "{5E14B2F6-5E6D-464A-9565-8E068C6697E0}"
EndProject
Project("{9A19103F-16F7-4668-BE54-9A1E7A4F7556}") = "ITS.Repository.Implements", "ITS.Repository.Implements\ITS.Repository.Implements.csproj", "{A1B28C8C-8328-41AB-8182-7373EA49C83D}"
EndProject
Project("{2150E333-8FDC-42A3-9474-1A3956D46DE8}") = "2.Service", "2.Service", "{93DB0CA3-03F4-41D4-B2C5-8A02BA1B9616}"
EndProject
Project("{9A19103F-16F7-4668-BE54-9A1E7A4F7556}") = "ITS.Service.Interface", "ITS.Service.Interface\ITS.Service.Interface.csproj", "{873F4A47-B9FA-48B7-86A3-AFD39BAFF044}"
EndProject
Project("{9A19103F-16F7-4668-BE54-9A1E7A4F7556}") = "ITS.Service.Implements", "ITS.Sevice.Implements\ITS.Service.Implements.csproj", "{C74D3073-AE30-46A1-8DC8-4BC3374015E2}"
EndProject
Project("{2150E333-8FDC-42A3-9474-1A3956D46DE8}") = "6.Infrastructure", "6.Infrastructure", "{3BEAE5F3-92CD-421D-9816-95A3F33E271A}"
EndProject
Project("{9A19103F-16F7-4668-BE54-9A1E7A4F7556}") = "ITS.Infrastructure", "ITS.Infrastructure\ITS.Infrastructure.csproj", "{BC533754-53A3-4080-88A2-34EE99D5EC41}"
EndProject
Project("{2150E333-8FDC-42A3-9474-1A3956D46DE8}") = "5.Message", "5.Message", "{FA84DD73-DF40-4E85-9CEB-664575139F16}"
EndProject
Project("{9A19103F-16F7-4668-BE54-9A1E7A4F7556}") = "ITS.Commands", "ITS.Commands\ITS.Commands.csproj", "{55D473C6-3095-4FA6-A1A7-EF7424CADDB9}"
EndProject
Project("{2150E333-8FDC-42A3-9474-1A3956D46DE8}") = "1.Application", "1.Application", "{8FB5AB1E-5863-41F3-8CC6-9F1555536DBC}"
EndProject
Project("{9A19103F-16F7-4668-BE54-9A1E7A4F7556}") = "ITS.WebApi", "ITS.WebApi\ITS.WebApi.csproj", "{8BC0ED8A-52A9-4D54-94AB-7BB70ABA18AA}"
EndProject
Project("{FAE04EC0-301F-11D3-BF4B-00C04F79EFBC}") = "ITS.QueryModel", "ITS.QueryModel\ITS.QueryModel.csproj", "{7B1B1DE7-27B8-44AF-B300-74257A8B8D2F}"
EndProject
Global
	GlobalSection(SolutionConfigurationPlatforms) = preSolution
		Debug|Any CPU = Debug|Any CPU
		Release|Any CPU = Release|Any CPU
	EndGlobalSection
	GlobalSection(ProjectConfigurationPlatforms) = postSolution
		{6ED8A075-5333-466F-83BB-62611ACDE69F}.Debug|Any CPU.ActiveCfg = Debug|Any CPU
		{6ED8A075-5333-466F-83BB-62611ACDE69F}.Debug|Any CPU.Build.0 = Debug|Any CPU
		{6ED8A075-5333-466F-83BB-62611ACDE69F}.Release|Any CPU.ActiveCfg = Release|Any CPU
		{6ED8A075-5333-466F-83BB-62611ACDE69F}.Release|Any CPU.Build.0 = Release|Any CPU
		{5E14B2F6-5E6D-464A-9565-8E068C6697E0}.Debug|Any CPU.ActiveCfg = Debug|Any CPU
		{5E14B2F6-5E6D-464A-9565-8E068C6697E0}.Debug|Any CPU.Build.0 = Debug|Any CPU
		{5E14B2F6-5E6D-464A-9565-8E068C6697E0}.Release|Any CPU.ActiveCfg = Release|Any CPU
		{5E14B2F6-5E6D-464A-9565-8E068C6697E0}.Release|Any CPU.Build.0 = Release|Any CPU
		{A1B28C8C-8328-41AB-8182-7373EA49C83D}.Debug|Any CPU.ActiveCfg = Debug|Any CPU
		{A1B28C8C-8328-41AB-8182-7373EA49C83D}.Debug|Any CPU.Build.0 = Debug|Any CPU
		{A1B28C8C-8328-41AB-8182-7373EA49C83D}.Release|Any CPU.ActiveCfg = Release|Any CPU
		{A1B28C8C-8328-41AB-8182-7373EA49C83D}.Release|Any CPU.Build.0 = Release|Any CPU
		{873F4A47-B9FA-48B7-86A3-AFD39BAFF044}.Debug|Any CPU.ActiveCfg = Debug|Any CPU
		{873F4A47-B9FA-48B7-86A3-AFD39BAFF044}.Debug|Any CPU.Build.0 = Debug|Any CPU
		{873F4A47-B9FA-48B7-86A3-AFD39BAFF044}.Release|Any CPU.ActiveCfg = Release|Any CPU
		{873F4A47-B9FA-48B7-86A3-AFD39BAFF044}.Release|Any CPU.Build.0 = Release|Any CPU
		{C74D3073-AE30-46A1-8DC8-4BC3374015E2}.Debug|Any CPU.ActiveCfg = Debug|Any CPU
		{C74D3073-AE30-46A1-8DC8-4BC3374015E2}.Debug|Any CPU.Build.0 = Debug|Any CPU
		{C74D3073-AE30-46A1-8DC8-4BC3374015E2}.Release|Any CPU.ActiveCfg = Release|Any CPU
		{C74D3073-AE30-46A1-8DC8-4BC3374015E2}.Release|Any CPU.Build.0 = Release|Any CPU
		{BC533754-53A3-4080-88A2-34EE99D5EC41}.Debug|Any CPU.ActiveCfg = Debug|Any CPU
		{BC533754-53A3-4080-88A2-34EE99D5EC41}.Debug|Any CPU.Build.0 = Debug|Any CPU
		{BC533754-53A3-4080-88A2-34EE99D5EC41}.Release|Any CPU.ActiveCfg = Release|Any CPU
		{BC533754-53A3-4080-88A2-34EE99D5EC41}.Release|Any CPU.Build.0 = Release|Any CPU
		{55D473C6-3095-4FA6-A1A7-EF7424CADDB9}.Debug|Any CPU.ActiveCfg = Debug|Any CPU
		{55D473C6-3095-4FA6-A1A7-EF7424CADDB9}.Debug|Any CPU.Build.0 = Debug|Any CPU
		{55D473C6-3095-4FA6-A1A7-EF7424CADDB9}.Release|Any CPU.ActiveCfg = Release|Any CPU
		{55D473C6-3095-4FA6-A1A7-EF7424CADDB9}.Release|Any CPU.Build.0 = Release|Any CPU
		{8BC0ED8A-52A9-4D54-94AB-7BB70ABA18AA}.Debug|Any CPU.ActiveCfg = Debug|Any CPU
		{8BC0ED8A-52A9-4D54-94AB-7BB70ABA18AA}.Debug|Any CPU.Build.0 = Debug|Any CPU
		{8BC0ED8A-52A9-4D54-94AB-7BB70ABA18AA}.Release|Any CPU.ActiveCfg = Release|Any CPU
		{8BC0ED8A-52A9-4D54-94AB-7BB70ABA18AA}.Release|Any CPU.Build.0 = Release|Any CPU
		{7B1B1DE7-27B8-44AF-B300-74257A8B8D2F}.Debug|Any CPU.ActiveCfg = Debug|Any CPU
		{7B1B1DE7-27B8-44AF-B300-74257A8B8D2F}.Debug|Any CPU.Build.0 = Debug|Any CPU
		{7B1B1DE7-27B8-44AF-B300-74257A8B8D2F}.Release|Any CPU.ActiveCfg = Release|Any CPU
		{7B1B1DE7-27B8-44AF-B300-74257A8B8D2F}.Release|Any CPU.Build.0 = Release|Any CPU
	EndGlobalSection
	GlobalSection(SolutionProperties) = preSolution
		HideSolutionNode = FALSE
	EndGlobalSection
	GlobalSection(NestedProjects) = preSolution
		{6ED8A075-5333-466F-83BB-62611ACDE69F} = {F3752D6D-F07B-4408-8A14-D3A359D34F1C}
		{5E14B2F6-5E6D-464A-9565-8E068C6697E0} = {FA759518-6B5F-4F65-A532-0CDA6236962C}
		{A1B28C8C-8328-41AB-8182-7373EA49C83D} = {FA759518-6B5F-4F65-A532-0CDA6236962C}
		{873F4A47-B9FA-48B7-86A3-AFD39BAFF044} = {93DB0CA3-03F4-41D4-B2C5-8A02BA1B9616}
		{C74D3073-AE30-46A1-8DC8-4BC3374015E2} = {93DB0CA3-03F4-41D4-B2C5-8A02BA1B9616}
		{BC533754-53A3-4080-88A2-34EE99D5EC41} = {3BEAE5F3-92CD-421D-9816-95A3F33E271A}
		{55D473C6-3095-4FA6-A1A7-EF7424CADDB9} = {FA84DD73-DF40-4E85-9CEB-664575139F16}
		{8BC0ED8A-52A9-4D54-94AB-7BB70ABA18AA} = {8FB5AB1E-5863-41F3-8CC6-9F1555536DBC}
		{7B1B1DE7-27B8-44AF-B300-74257A8B8D2F} = {FA84DD73-DF40-4E85-9CEB-664575139F16}
	EndGlobalSection
	GlobalSection(ExtensibilityGlobals) = postSolution
		SolutionGuid = {B9989FE5-CAA4-4D3E-B290-0F65B561B88D}
	EndGlobalSection
EndGlobal
